
Microsoft Visual Studio Solution File, Format Version 12.00
# Visual Studio Version 16
VisualStudioVersion = 16.0.29519.87
MinimumVisualStudioVersion = 10.0.40219.1
Project("{FAE04EC0-301F-11D3-BF4B-00C04F79EFBC}") = "Chart", "Chart\Chart.csproj", "{5048B9DC-D273-4D23-87F9-00B90F342C06}"
EndProject
Project("{FAE04EC0-301F-11D3-BF4B-00C04F79EFBC}") = "PointsGenerator", "PointsGenerator\PointsGenerator.csproj", "{66A7FF9F-5EBD-41FA-BE13-D69CB7B2B92F}"
EndProject
Project("{FAE04EC0-301F-11D3-BF4B-00C04F79EFBC}") = "KMeans", "KMeans\KMeans.csproj", "{51511CB7-36EF-4370-9920-433FB9561101}"
EndProject
Project("{FAE04EC0-301F-11D3-BF4B-00C04F79EFBC}") = "PredictedPoints", "PredictedPoints\PredictedPoints.csproj", "{ED0FD432-783C-476F-B6C1-60ACA3DC2E05}"
EndProject
Project("{FAE04EC0-301F-11D3-BF4B-00C04F79EFBC}") = "SOM_Kohonen", "SOM_Kohonen\SOM_Kohonen.csproj", "{E8687901-201C-4775-981D-501CA1F4E1E5}"
EndProject
Project("{FAE04EC0-301F-11D3-BF4B-00C04F79EFBC}") = "SOMPredictedPoints", "SOMPredictedPoints\SOMPredictedPoints.csproj", "{FA83D183-9999-4BD3-BD23-4448F8C10FB9}"
EndProject
Project("{FAE04EC0-301F-11D3-BF4B-00C04F79EFBC}") = "NeuralNetwork_Run", "NeuralNetwork_Run\NeuralNetwork_Run.csproj", "{31E53A5B-3FB1-40D3-87FE-33171AADD64D}"
EndProject
Project("{FAE04EC0-301F-11D3-BF4B-00C04F79EFBC}") = "NeuralNetwork_XOR", "NeuralNetwork_XOR\NeuralNetwork_XOR.csproj", "{FC191E8A-234E-40AF-858B-3BDC5EF2C272}"
EndProject
Global
	GlobalSection(SolutionConfigurationPlatforms) = preSolution
		Debug|Any CPU = Debug|Any CPU
		Release|Any CPU = Release|Any CPU
	EndGlobalSection
	GlobalSection(ProjectConfigurationPlatforms) = postSolution
		{5048B9DC-D273-4D23-87F9-00B90F342C06}.Debug|Any CPU.ActiveCfg = Debug|Any CPU
		{5048B9DC-D273-4D23-87F9-00B90F342C06}.Debug|Any CPU.Build.0 = Debug|Any CPU
		{5048B9DC-D273-4D23-87F9-00B90F342C06}.Release|Any CPU.ActiveCfg = Release|Any CPU
		{5048B9DC-D273-4D23-87F9-00B90F342C06}.Release|Any CPU.Build.0 = Release|Any CPU
		{66A7FF9F-5EBD-41FA-BE13-D69CB7B2B92F}.Debug|Any CPU.ActiveCfg = Debug|Any CPU
		{66A7FF9F-5EBD-41FA-BE13-D69CB7B2B92F}.Debug|Any CPU.Build.0 = Debug|Any CPU
		{66A7FF9F-5EBD-41FA-BE13-D69CB7B2B92F}.Release|Any CPU.ActiveCfg = Release|Any CPU
		{66A7FF9F-5EBD-41FA-BE13-D69CB7B2B92F}.Release|Any CPU.Build.0 = Release|Any CPU
		{51511CB7-36EF-4370-9920-433FB9561101}.Debug|Any CPU.ActiveCfg = Debug|Any CPU
		{51511CB7-36EF-4370-9920-433FB9561101}.Debug|Any CPU.Build.0 = Debug|Any CPU
		{51511CB7-36EF-4370-9920-433FB9561101}.Release|Any CPU.ActiveCfg = Release|Any CPU
		{51511CB7-36EF-4370-9920-433FB9561101}.Release|Any CPU.Build.0 = Release|Any CPU
		{ED0FD432-783C-476F-B6C1-60ACA3DC2E05}.Debug|Any CPU.ActiveCfg = Debug|Any CPU
		{ED0FD432-783C-476F-B6C1-60ACA3DC2E05}.Debug|Any CPU.Build.0 = Debug|Any CPU
		{ED0FD432-783C-476F-B6C1-60ACA3DC2E05}.Release|Any CPU.ActiveCfg = Release|Any CPU
		{ED0FD432-783C-476F-B6C1-60ACA3DC2E05}.Release|Any CPU.Build.0 = Release|Any CPU
		{E8687901-201C-4775-981D-501CA1F4E1E5}.Debug|Any CPU.ActiveCfg = Debug|Any CPU
		{E8687901-201C-4775-981D-501CA1F4E1E5}.Debug|Any CPU.Build.0 = Debug|Any CPU
		{E8687901-201C-4775-981D-501CA1F4E1E5}.Release|Any CPU.ActiveCfg = Release|Any CPU
		{E8687901-201C-4775-981D-501CA1F4E1E5}.Release|Any CPU.Build.0 = Release|Any CPU
		{FA83D183-9999-4BD3-BD23-4448F8C10FB9}.Debug|Any CPU.ActiveCfg = Debug|Any CPU
		{FA83D183-9999-4BD3-BD23-4448F8C10FB9}.Debug|Any CPU.Build.0 = Debug|Any CPU
		{FA83D183-9999-4BD3-BD23-4448F8C10FB9}.Release|Any CPU.ActiveCfg = Release|Any CPU
		{FA83D183-9999-4BD3-BD23-4448F8C10FB9}.Release|Any CPU.Build.0 = Release|Any CPU
		{31E53A5B-3FB1-40D3-87FE-33171AADD64D}.Debug|Any CPU.ActiveCfg = Debug|Any CPU
		{31E53A5B-3FB1-40D3-87FE-33171AADD64D}.Debug|Any CPU.Build.0 = Debug|Any CPU
		{31E53A5B-3FB1-40D3-87FE-33171AADD64D}.Release|Any CPU.ActiveCfg = Release|Any CPU
		{31E53A5B-3FB1-40D3-87FE-33171AADD64D}.Release|Any CPU.Build.0 = Release|Any CPU
		{FC191E8A-234E-40AF-858B-3BDC5EF2C272}.Debug|Any CPU.ActiveCfg = Debug|Any CPU
		{FC191E8A-234E-40AF-858B-3BDC5EF2C272}.Debug|Any CPU.Build.0 = Debug|Any CPU
		{FC191E8A-234E-40AF-858B-3BDC5EF2C272}.Release|Any CPU.ActiveCfg = Release|Any CPU
		{FC191E8A-234E-40AF-858B-3BDC5EF2C272}.Release|Any CPU.Build.0 = Release|Any CPU
	EndGlobalSection
	GlobalSection(SolutionProperties) = preSolution
		HideSolutionNode = FALSE
	EndGlobalSection
	GlobalSection(ExtensibilityGlobals) = postSolution
		SolutionGuid = {89765814-6B54-4F14-8392-9237A79BB66E}
	EndGlobalSection
EndGlobal
